
Microsoft Visual Studio Solution File, Format Version 12.00
# Visual Studio 15
Project("{FAE04EC0-301F-11D3-BF4B-00C04F79EFBC}") = "Unity.Timeline", "Unity.Timeline.csproj", "{AAE88B35-D0AD-A5C1-EBE6-9B0D728FA293}"
EndProject
Project("{FAE04EC0-301F-11D3-BF4B-00C04F79EFBC}") = "Unity.PlasticSCM.Editor", "Unity.PlasticSCM.Editor.csproj", "{3F7D9714-EBE3-1481-0986-405D7A97C6CF}"
EndProject
Project("{FAE04EC0-301F-11D3-BF4B-00C04F79EFBC}") = "Unity.Mathematics", "Unity.Mathematics.csproj", "{F8C22CC9-62CA-0944-78DE-A7ECBCDDD2FB}"
EndProject
Project("{FAE04EC0-301F-11D3-BF4B-00C04F79EFBC}") = "Unity.Timeline.Editor", "Unity.Timeline.Editor.csproj", "{BB1AF9EF-32F0-42AB-C344-AB285EEFEC7B}"
EndProject
Project("{FAE04EC0-301F-11D3-BF4B-00C04F79EFBC}") = "Unity.Collections", "Unity.Collections.csproj", "{E48BD853-CA18-66E2-0565-A1126225692C}"
EndProject
Project("{FAE04EC0-301F-11D3-BF4B-00C04F79EFBC}") = "Unity.VisualScripting.Core.Editor", "Unity.VisualScripting.Core.Editor.csproj", "{9642D23C-07B0-192D-8CB4-68A5AC68C32F}"
EndProject
Project("{FAE04EC0-301F-11D3-BF4B-00C04F79EFBC}") = "Unity.PerformanceTesting.Editor", "Unity.PerformanceTesting.Editor.csproj", "{0DB85311-1E53-5F8C-E001-824F6F977A22}"
EndProject
Project("{FAE04EC0-301F-11D3-BF4B-00C04F79EFBC}") = "UnityEngine.TestRunner", "UnityEngine.TestRunner.csproj", "{5B01F66A-1DDC-3BEB-75EB-14FD2E14FC13}"
EndProject
Project("{FAE04EC0-301F-11D3-BF4B-00C04F79EFBC}") = "Unity.Burst", "Unity.Burst.csproj", "{3C5AB354-595E-E91E-FF02-C227BA8564D8}"
EndProject
Project("{FAE04EC0-301F-11D3-BF4B-00C04F79EFBC}") = "Unity.VisualScripting.Flow.Editor", "Unity.VisualScripting.Flow.Editor.csproj", "{23801D38-8A1D-C048-FD68-E571343CA4E2}"
EndProject
Project("{FAE04EC0-301F-11D3-BF4B-00C04F79EFBC}") = "Unity.VisualStudio.Editor", "Unity.VisualStudio.Editor.csproj", "{178C0446-B2A7-8CC4-DA86-F038726981F5}"
EndProject
Project("{FAE04EC0-301F-11D3-BF4B-00C04F79EFBC}") = "Unity.InputSystem", "Unity.InputSystem.csproj", "{639AFAD4-1265-1869-76B2-8A61D419CE1E}"
EndProject
Project("{FAE04EC0-301F-11D3-BF4B-00C04F79EFBC}") = "Unity.Searcher.Editor", "Unity.Searcher.Editor.csproj", "{FC5FAB43-4C7C-728B-364A-535630371FFE}"
EndProject
Project("{FAE04EC0-301F-11D3-BF4B-00C04F79EFBC}") = "UnityEditor.TestRunner", "UnityEditor.TestRunner.csproj", "{1953FD03-C7FA-C274-8EB6-54B102D9F222}"
EndProject
Project("{FAE04EC0-301F-11D3-BF4B-00C04F79EFBC}") = "Unity.VisualScripting.Core", "Unity.VisualScripting.Core.csproj", "{DF633D51-46AE-A9C8-27D1-AA63BE1803DA}"
EndProject
Project("{FAE04EC0-301F-11D3-BF4B-00C04F79EFBC}") = "Unity.AI.Navigation.Editor.ConversionSystem", "Unity.AI.Navigation.Editor.ConversionSystem.csproj", "{EEE4AF40-1067-12E4-9DB4-74209E03FB9C}"
EndProject
Project("{FAE04EC0-301F-11D3-BF4B-00C04F79EFBC}") = "Unity.VisualScripting.State.Editor", "Unity.VisualScripting.State.Editor.csproj", "{B7681F47-1818-3CE8-F75C-7B4DCDF62B59}"
EndProject
Project("{FAE04EC0-301F-11D3-BF4B-00C04F79EFBC}") = "Unity.Burst.CodeGen", "Unity.Burst.CodeGen.csproj", "{9930D5BB-B5C9-2EC7-C248-1BC727D10A55}"
EndProject
Project("{FAE04EC0-301F-11D3-BF4B-00C04F79EFBC}") = "Unity.VisualScripting.Flow", "Unity.VisualScripting.Flow.csproj", "{5E28A813-0A94-99DA-547A-F967B48E9E44}"
EndProject
Project("{FAE04EC0-301F-11D3-BF4B-00C04F79EFBC}") = "Unity.PerformanceTesting", "Unity.PerformanceTesting.csproj", "{1B7D026E-88A7-7AB6-B289-DC8649E7DE0B}"
EndProject
Project("{FAE04EC0-301F-11D3-BF4B-00C04F79EFBC}") = "Unity.Burst.Editor", "Unity.Burst.Editor.csproj", "{92B30DE4-5529-1183-BB88-3B50FC996A21}"
EndProject
Project("{FAE04EC0-301F-11D3-BF4B-00C04F79EFBC}") = "Unity.Rider.Editor", "Unity.Rider.Editor.csproj", "{FD2C09F6-3302-4D1A-CFA3-A9776FABED99}"
EndProject
Project("{FAE04EC0-301F-11D3-BF4B-00C04F79EFBC}") = "Unity.VisualScripting.State", "Unity.VisualScripting.State.csproj", "{2B668B1A-FD0E-EA74-0E25-CAA5B2C0B8B7}"
EndProject
Project("{FAE04EC0-301F-11D3-BF4B-00C04F79EFBC}") = "Unity.AI.Navigation.Updater", "Unity.AI.Navigation.Updater.csproj", "{567E5CD5-7CD5-856C-F99D-EA890A186844}"
EndProject
Project("{FAE04EC0-301F-11D3-BF4B-00C04F79EFBC}") = "Unity.AI.Navigation.Editor", "Unity.AI.Navigation.Editor.csproj", "{DE3B4188-B1B8-8C98-6647-B31FCF88CB02}"
EndProject
Project("{FAE04EC0-301F-11D3-BF4B-00C04F79EFBC}") = "Assembly-CSharp", "Assembly-CSharp.csproj", "{203E294F-6A57-B963-05D6-83EB30201135}"
EndProject
Project("{FAE04EC0-301F-11D3-BF4B-00C04F79EFBC}") = "Unity.InputSystem.ForUI", "Unity.InputSystem.ForUI.csproj", "{CE039252-4CD9-107F-B0D4-16AF2964194E}"
EndProject
Project("{FAE04EC0-301F-11D3-BF4B-00C04F79EFBC}") = "Unity.AI.Navigation", "Unity.AI.Navigation.csproj", "{B3F8A370-A11A-C211-B267-4FF8A4D99300}"
EndProject
Project("{FAE04EC0-301F-11D3-BF4B-00C04F79EFBC}") = "Unity.Collections.CodeGen", "Unity.Collections.CodeGen.csproj", "{74AC7D9F-57C1-E570-E380-70DC70F9F80B}"
EndProject
Project("{FAE04EC0-301F-11D3-BF4B-00C04F79EFBC}") = "Unity.Mathematics.Editor", "Unity.Mathematics.Editor.csproj", "{414A1B4C-FC8F-B768-3827-1FA8D66CE697}"
EndProject
Project("{FAE04EC0-301F-11D3-BF4B-00C04F79EFBC}") = "Unity.VisualScripting.SettingsProvider.Editor", "Unity.VisualScripting.SettingsProvider.Editor.csproj", "{BC8E05F9-95BD-3539-9617-0CEA7DCFC907}"
EndProject
Project("{FAE04EC0-301F-11D3-BF4B-00C04F79EFBC}") = "Assembly-CSharp-Editor", "Assembly-CSharp-Editor.csproj", "{C20B416B-26C4-F6EF-C2C2-161257B5C912}"
EndProject
Project("{FAE04EC0-301F-11D3-BF4B-00C04F79EFBC}") = "Unity.InputSystem.TestFramework", "Unity.InputSystem.TestFramework.csproj", "{36C43D6F-8769-B162-8753-ECA9DE71404F}"
EndProject
Project("{FAE04EC0-301F-11D3-BF4B-00C04F79EFBC}") = "Unity.VisualScripting.Shared.Editor", "Unity.VisualScripting.Shared.Editor.csproj", "{AB8EAFA5-AFDE-3FAE-AC66-2FD8648D7F27}"
EndProject
Project("{FAE04EC0-301F-11D3-BF4B-00C04F79EFBC}") = "Unity.CollabProxy.Editor", "Unity.CollabProxy.Editor.csproj", "{E427C379-D2DC-1171-8FC0-07D23730ECB1}"
EndProject
Project("{FAE04EC0-301F-11D3-BF4B-00C04F79EFBC}") = "Unity.Collections.Editor", "Unity.Collections.Editor.csproj", "{AC223F2F-2954-9BA1-FF8E-CB808FA92C29}"
EndProject
Global
	GlobalSection(SolutionConfigurationPlatforms) = preSolution
		Debug|Any CPU = Debug|Any CPU
		Release|Any CPU = Release|Any CPU
	EndGlobalSection
	GlobalSection(ProjectConfigurationPlatforms) = postSolution
		{AAE88B35-D0AD-A5C1-EBE6-9B0D728FA293}.Debug|Any CPU.ActiveCfg = Debug|Any CPU
		{AAE88B35-D0AD-A5C1-EBE6-9B0D728FA293}.Debug|Any CPU.Build.0 = Debug|Any CPU
		{AAE88B35-D0AD-A5C1-EBE6-9B0D728FA293}.Release|Any CPU.ActiveCfg = Release|Any CPU
		{AAE88B35-D0AD-A5C1-EBE6-9B0D728FA293}.Release|Any CPU.Build.0 = Release|Any CPU
		{3F7D9714-EBE3-1481-0986-405D7A97C6CF}.Debug|Any CPU.ActiveCfg = Debug|Any CPU
		{3F7D9714-EBE3-1481-0986-405D7A97C6CF}.Debug|Any CPU.Build.0 = Debug|Any CPU
		{3F7D9714-EBE3-1481-0986-405D7A97C6CF}.Release|Any CPU.ActiveCfg = Release|Any CPU
		{3F7D9714-EBE3-1481-0986-405D7A97C6CF}.Release|Any CPU.Build.0 = Release|Any CPU
		{F8C22CC9-62CA-0944-78DE-A7ECBCDDD2FB}.Debug|Any CPU.ActiveCfg = Debug|Any CPU
		{F8C22CC9-62CA-0944-78DE-A7ECBCDDD2FB}.Debug|Any CPU.Build.0 = Debug|Any CPU
		{F8C22CC9-62CA-0944-78DE-A7ECBCDDD2FB}.Release|Any CPU.ActiveCfg = Release|Any CPU
		{F8C22CC9-62CA-0944-78DE-A7ECBCDDD2FB}.Release|Any CPU.Build.0 = Release|Any CPU
		{BB1AF9EF-32F0-42AB-C344-AB285EEFEC7B}.Debug|Any CPU.ActiveCfg = Debug|Any CPU
		{BB1AF9EF-32F0-42AB-C344-AB285EEFEC7B}.Debug|Any CPU.Build.0 = Debug|Any CPU
		{BB1AF9EF-32F0-42AB-C344-AB285EEFEC7B}.Release|Any CPU.ActiveCfg = Release|Any CPU
		{BB1AF9EF-32F0-42AB-C344-AB285EEFEC7B}.Release|Any CPU.Build.0 = Release|Any CPU
		{E48BD853-CA18-66E2-0565-A1126225692C}.Debug|Any CPU.ActiveCfg = Debug|Any CPU
		{E48BD853-CA18-66E2-0565-A1126225692C}.Debug|Any CPU.Build.0 = Debug|Any CPU
		{E48BD853-CA18-66E2-0565-A1126225692C}.Release|Any CPU.ActiveCfg = Release|Any CPU
		{E48BD853-CA18-66E2-0565-A1126225692C}.Release|Any CPU.Build.0 = Release|Any CPU
		{9642D23C-07B0-192D-8CB4-68A5AC68C32F}.Debug|Any CPU.ActiveCfg = Debug|Any CPU
		{9642D23C-07B0-192D-8CB4-68A5AC68C32F}.Debug|Any CPU.Build.0 = Debug|Any CPU
		{9642D23C-07B0-192D-8CB4-68A5AC68C32F}.Release|Any CPU.ActiveCfg = Release|Any CPU
		{9642D23C-07B0-192D-8CB4-68A5AC68C32F}.Release|Any CPU.Build.0 = Release|Any CPU
		{0DB85311-1E53-5F8C-E001-824F6F977A22}.Debug|Any CPU.ActiveCfg = Debug|Any CPU
		{0DB85311-1E53-5F8C-E001-824F6F977A22}.Debug|Any CPU.Build.0 = Debug|Any CPU
		{0DB85311-1E53-5F8C-E001-824F6F977A22}.Release|Any CPU.ActiveCfg = Release|Any CPU
		{0DB85311-1E53-5F8C-E001-824F6F977A22}.Release|Any CPU.Build.0 = Release|Any CPU
		{5B01F66A-1DDC-3BEB-75EB-14FD2E14FC13}.Debug|Any CPU.ActiveCfg = Debug|Any CPU
		{5B01F66A-1DDC-3BEB-75EB-14FD2E14FC13}.Debug|Any CPU.Build.0 = Debug|Any CPU
		{5B01F66A-1DDC-3BEB-75EB-14FD2E14FC13}.Release|Any CPU.ActiveCfg = Release|Any CPU
		{5B01F66A-1DDC-3BEB-75EB-14FD2E14FC13}.Release|Any CPU.Build.0 = Release|Any CPU
		{3C5AB354-595E-E91E-FF02-C227BA8564D8}.Debug|Any CPU.ActiveCfg = Debug|Any CPU
		{3C5AB354-595E-E91E-FF02-C227BA8564D8}.Debug|Any CPU.Build.0 = Debug|Any CPU
		{3C5AB354-595E-E91E-FF02-C227BA8564D8}.Release|Any CPU.ActiveCfg = Release|Any CPU
		{3C5AB354-595E-E91E-FF02-C227BA8564D8}.Release|Any CPU.Build.0 = Release|Any CPU
		{23801D38-8A1D-C048-FD68-E571343CA4E2}.Debug|Any CPU.ActiveCfg = Debug|Any CPU
		{23801D38-8A1D-C048-FD68-E571343CA4E2}.Debug|Any CPU.Build.0 = Debug|Any CPU
		{23801D38-8A1D-C048-FD68-E571343CA4E2}.Release|Any CPU.ActiveCfg = Release|Any CPU
		{23801D38-8A1D-C048-FD68-E571343CA4E2}.Release|Any CPU.Build.0 = Release|Any CPU
		{178C0446-B2A7-8CC4-DA86-F038726981F5}.Debug|Any CPU.ActiveCfg = Debug|Any CPU
		{178C0446-B2A7-8CC4-DA86-F038726981F5}.Debug|Any CPU.Build.0 = Debug|Any CPU
		{178C0446-B2A7-8CC4-DA86-F038726981F5}.Release|Any CPU.ActiveCfg = Release|Any CPU
		{178C0446-B2A7-8CC4-DA86-F038726981F5}.Release|Any CPU.Build.0 = Release|Any CPU
		{639AFAD4-1265-1869-76B2-8A61D419CE1E}.Debug|Any CPU.ActiveCfg = Debug|Any CPU
		{639AFAD4-1265-1869-76B2-8A61D419CE1E}.Debug|Any CPU.Build.0 = Debug|Any CPU
		{639AFAD4-1265-1869-76B2-8A61D419CE1E}.Release|Any CPU.ActiveCfg = Release|Any CPU
		{639AFAD4-1265-1869-76B2-8A61D419CE1E}.Release|Any CPU.Build.0 = Release|Any CPU
		{FC5FAB43-4C7C-728B-364A-535630371FFE}.Debug|Any CPU.ActiveCfg = Debug|Any CPU
		{FC5FAB43-4C7C-728B-364A-535630371FFE}.Debug|Any CPU.Build.0 = Debug|Any CPU
		{FC5FAB43-4C7C-728B-364A-535630371FFE}.Release|Any CPU.ActiveCfg = Release|Any CPU
		{FC5FAB43-4C7C-728B-364A-535630371FFE}.Release|Any CPU.Build.0 = Release|Any CPU
		{1953FD03-C7FA-C274-8EB6-54B102D9F222}.Debug|Any CPU.ActiveCfg = Debug|Any CPU
		{1953FD03-C7FA-C274-8EB6-54B102D9F222}.Debug|Any CPU.Build.0 = Debug|Any CPU
		{1953FD03-C7FA-C274-8EB6-54B102D9F222}.Release|Any CPU.ActiveCfg = Release|Any CPU
		{1953FD03-C7FA-C274-8EB6-54B102D9F222}.Release|Any CPU.Build.0 = Release|Any CPU
		{DF633D51-46AE-A9C8-27D1-AA63BE1803DA}.Debug|Any CPU.ActiveCfg = Debug|Any CPU
		{DF633D51-46AE-A9C8-27D1-AA63BE1803DA}.Debug|Any CPU.Build.0 = Debug|Any CPU
		{DF633D51-46AE-A9C8-27D1-AA63BE1803DA}.Release|Any CPU.ActiveCfg = Release|Any CPU
		{DF633D51-46AE-A9C8-27D1-AA63BE1803DA}.Release|Any CPU.Build.0 = Release|Any CPU
		{EEE4AF40-1067-12E4-9DB4-74209E03FB9C}.Debug|Any CPU.ActiveCfg = Debug|Any CPU
		{EEE4AF40-1067-12E4-9DB4-74209E03FB9C}.Debug|Any CPU.Build.0 = Debug|Any CPU
		{EEE4AF40-1067-12E4-9DB4-74209E03FB9C}.Release|Any CPU.ActiveCfg = Release|Any CPU
		{EEE4AF40-1067-12E4-9DB4-74209E03FB9C}.Release|Any CPU.Build.0 = Release|Any CPU
		{B7681F47-1818-3CE8-F75C-7B4DCDF62B59}.Debug|Any CPU.ActiveCfg = Debug|Any CPU
		{B7681F47-1818-3CE8-F75C-7B4DCDF62B59}.Debug|Any CPU.Build.0 = Debug|Any CPU
		{B7681F47-1818-3CE8-F75C-7B4DCDF62B59}.Release|Any CPU.ActiveCfg = Release|Any CPU
		{B7681F47-1818-3CE8-F75C-7B4DCDF62B59}.Release|Any CPU.Build.0 = Release|Any CPU
		{9930D5BB-B5C9-2EC7-C248-1BC727D10A55}.Debug|Any CPU.ActiveCfg = Debug|Any CPU
		{9930D5BB-B5C9-2EC7-C248-1BC727D10A55}.Debug|Any CPU.Build.0 = Debug|Any CPU
		{9930D5BB-B5C9-2EC7-C248-1BC727D10A55}.Release|Any CPU.ActiveCfg = Release|Any CPU
		{9930D5BB-B5C9-2EC7-C248-1BC727D10A55}.Release|Any CPU.Build.0 = Release|Any CPU
		{5E28A813-0A94-99DA-547A-F967B48E9E44}.Debug|Any CPU.ActiveCfg = Debug|Any CPU
		{5E28A813-0A94-99DA-547A-F967B48E9E44}.Debug|Any CPU.Build.0 = Debug|Any CPU
		{5E28A813-0A94-99DA-547A-F967B48E9E44}.Release|Any CPU.ActiveCfg = Release|Any CPU
		{5E28A813-0A94-99DA-547A-F967B48E9E44}.Release|Any CPU.Build.0 = Release|Any CPU
		{1B7D026E-88A7-7AB6-B289-DC8649E7DE0B}.Debug|Any CPU.ActiveCfg = Debug|Any CPU
		{1B7D026E-88A7-7AB6-B289-DC8649E7DE0B}.Debug|Any CPU.Build.0 = Debug|Any CPU
		{1B7D026E-88A7-7AB6-B289-DC8649E7DE0B}.Release|Any CPU.ActiveCfg = Release|Any CPU
		{1B7D026E-88A7-7AB6-B289-DC8649E7DE0B}.Release|Any CPU.Build.0 = Release|Any CPU
		{92B30DE4-5529-1183-BB88-3B50FC996A21}.Debug|Any CPU.ActiveCfg = Debug|Any CPU
		{92B30DE4-5529-1183-BB88-3B50FC996A21}.Debug|Any CPU.Build.0 = Debug|Any CPU
		{92B30DE4-5529-1183-BB88-3B50FC996A21}.Release|Any CPU.ActiveCfg = Release|Any CPU
		{92B30DE4-5529-1183-BB88-3B50FC996A21}.Release|Any CPU.Build.0 = Release|Any CPU
		{FD2C09F6-3302-4D1A-CFA3-A9776FABED99}.Debug|Any CPU.ActiveCfg = Debug|Any CPU
		{FD2C09F6-3302-4D1A-CFA3-A9776FABED99}.Debug|Any CPU.Build.0 = Debug|Any CPU
		{FD2C09F6-3302-4D1A-CFA3-A9776FABED99}.Release|Any CPU.ActiveCfg = Release|Any CPU
		{FD2C09F6-3302-4D1A-CFA3-A9776FABED99}.Release|Any CPU.Build.0 = Release|Any CPU
		{2B668B1A-FD0E-EA74-0E25-CAA5B2C0B8B7}.Debug|Any CPU.ActiveCfg = Debug|Any CPU
		{2B668B1A-FD0E-EA74-0E25-CAA5B2C0B8B7}.Debug|Any CPU.Build.0 = Debug|Any CPU
		{2B668B1A-FD0E-EA74-0E25-CAA5B2C0B8B7}.Release|Any CPU.ActiveCfg = Release|Any CPU
		{2B668B1A-FD0E-EA74-0E25-CAA5B2C0B8B7}.Release|Any CPU.Build.0 = Release|Any CPU
		{567E5CD5-7CD5-856C-F99D-EA890A186844}.Debug|Any CPU.ActiveCfg = Debug|Any CPU
		{567E5CD5-7CD5-856C-F99D-EA890A186844}.Debug|Any CPU.Build.0 = Debug|Any CPU
		{567E5CD5-7CD5-856C-F99D-EA890A186844}.Release|Any CPU.ActiveCfg = Release|Any CPU
		{567E5CD5-7CD5-856C-F99D-EA890A186844}.Release|Any CPU.Build.0 = Release|Any CPU
		{DE3B4188-B1B8-8C98-6647-B31FCF88CB02}.Debug|Any CPU.ActiveCfg = Debug|Any CPU
		{DE3B4188-B1B8-8C98-6647-B31FCF88CB02}.Debug|Any CPU.Build.0 = Debug|Any CPU
		{DE3B4188-B1B8-8C98-6647-B31FCF88CB02}.Release|Any CPU.ActiveCfg = Release|Any CPU
		{DE3B4188-B1B8-8C98-6647-B31FCF88CB02}.Release|Any CPU.Build.0 = Release|Any CPU
		{203E294F-6A57-B963-05D6-83EB30201135}.Debug|Any CPU.ActiveCfg = Debug|Any CPU
		{203E294F-6A57-B963-05D6-83EB30201135}.Debug|Any CPU.Build.0 = Debug|Any CPU
		{203E294F-6A57-B963-05D6-83EB30201135}.Release|Any CPU.ActiveCfg = Release|Any CPU
		{203E294F-6A57-B963-05D6-83EB30201135}.Release|Any CPU.Build.0 = Release|Any CPU
		{CE039252-4CD9-107F-B0D4-16AF2964194E}.Debug|Any CPU.ActiveCfg = Debug|Any CPU
		{CE039252-4CD9-107F-B0D4-16AF2964194E}.Debug|Any CPU.Build.0 = Debug|Any CPU
		{CE039252-4CD9-107F-B0D4-16AF2964194E}.Release|Any CPU.ActiveCfg = Release|Any CPU
		{CE039252-4CD9-107F-B0D4-16AF2964194E}.Release|Any CPU.Build.0 = Release|Any CPU
		{B3F8A370-A11A-C211-B267-4FF8A4D99300}.Debug|Any CPU.ActiveCfg = Debug|Any CPU
		{B3F8A370-A11A-C211-B267-4FF8A4D99300}.Debug|Any CPU.Build.0 = Debug|Any CPU
		{B3F8A370-A11A-C211-B267-4FF8A4D99300}.Release|Any CPU.ActiveCfg = Release|Any CPU
		{B3F8A370-A11A-C211-B267-4FF8A4D99300}.Release|Any CPU.Build.0 = Release|Any CPU
		{74AC7D9F-57C1-E570-E380-70DC70F9F80B}.Debug|Any CPU.ActiveCfg = Debug|Any CPU
		{74AC7D9F-57C1-E570-E380-70DC70F9F80B}.Debug|Any CPU.Build.0 = Debug|Any CPU
		{74AC7D9F-57C1-E570-E380-70DC70F9F80B}.Release|Any CPU.ActiveCfg = Release|Any CPU
		{74AC7D9F-57C1-E570-E380-70DC70F9F80B}.Release|Any CPU.Build.0 = Release|Any CPU
		{414A1B4C-FC8F-B768-3827-1FA8D66CE697}.Debug|Any CPU.ActiveCfg = Debug|Any CPU
		{414A1B4C-FC8F-B768-3827-1FA8D66CE697}.Debug|Any CPU.Build.0 = Debug|Any CPU
		{414A1B4C-FC8F-B768-3827-1FA8D66CE697}.Release|Any CPU.ActiveCfg = Release|Any CPU
		{414A1B4C-FC8F-B768-3827-1FA8D66CE697}.Release|Any CPU.Build.0 = Release|Any CPU
		{BC8E05F9-95BD-3539-9617-0CEA7DCFC907}.Debug|Any CPU.ActiveCfg = Debug|Any CPU
		{BC8E05F9-95BD-3539-9617-0CEA7DCFC907}.Debug|Any CPU.Build.0 = Debug|Any CPU
		{BC8E05F9-95BD-3539-9617-0CEA7DCFC907}.Release|Any CPU.ActiveCfg = Release|Any CPU
		{BC8E05F9-95BD-3539-9617-0CEA7DCFC907}.Release|Any CPU.Build.0 = Release|Any CPU
		{C20B416B-26C4-F6EF-C2C2-161257B5C912}.Debug|Any CPU.ActiveCfg = Debug|Any CPU
		{C20B416B-26C4-F6EF-C2C2-161257B5C912}.Debug|Any CPU.Build.0 = Debug|Any CPU
		{C20B416B-26C4-F6EF-C2C2-161257B5C912}.Release|Any CPU.ActiveCfg = Release|Any CPU
		{C20B416B-26C4-F6EF-C2C2-161257B5C912}.Release|Any CPU.Build.0 = Release|Any CPU
		{36C43D6F-8769-B162-8753-ECA9DE71404F}.Debug|Any CPU.ActiveCfg = Debug|Any CPU
		{36C43D6F-8769-B162-8753-ECA9DE71404F}.Debug|Any CPU.Build.0 = Debug|Any CPU
		{36C43D6F-8769-B162-8753-ECA9DE71404F}.Release|Any CPU.ActiveCfg = Release|Any CPU
		{36C43D6F-8769-B162-8753-ECA9DE71404F}.Release|Any CPU.Build.0 = Release|Any CPU
		{AB8EAFA5-AFDE-3FAE-AC66-2FD8648D7F27}.Debug|Any CPU.ActiveCfg = Debug|Any CPU
		{AB8EAFA5-AFDE-3FAE-AC66-2FD8648D7F27}.Debug|Any CPU.Build.0 = Debug|Any CPU
		{AB8EAFA5-AFDE-3FAE-AC66-2FD8648D7F27}.Release|Any CPU.ActiveCfg = Release|Any CPU
		{AB8EAFA5-AFDE-3FAE-AC66-2FD8648D7F27}.Release|Any CPU.Build.0 = Release|Any CPU
		{E427C379-D2DC-1171-8FC0-07D23730ECB1}.Debug|Any CPU.ActiveCfg = Debug|Any CPU
		{E427C379-D2DC-1171-8FC0-07D23730ECB1}.Debug|Any CPU.Build.0 = Debug|Any CPU
		{E427C379-D2DC-1171-8FC0-07D23730ECB1}.Release|Any CPU.ActiveCfg = Release|Any CPU
		{E427C379-D2DC-1171-8FC0-07D23730ECB1}.Release|Any CPU.Build.0 = Release|Any CPU
		{AC223F2F-2954-9BA1-FF8E-CB808FA92C29}.Debug|Any CPU.ActiveCfg = Debug|Any CPU
		{AC223F2F-2954-9BA1-FF8E-CB808FA92C29}.Debug|Any CPU.Build.0 = Debug|Any CPU
		{AC223F2F-2954-9BA1-FF8E-CB808FA92C29}.Release|Any CPU.ActiveCfg = Release|Any CPU
		{AC223F2F-2954-9BA1-FF8E-CB808FA92C29}.Release|Any CPU.Build.0 = Release|Any CPU
	EndGlobalSection
	GlobalSection(SolutionProperties) = preSolution
		HideSolutionNode = FALSE
	EndGlobalSection
EndGlobal
